// !$*UTF8*$!
{
	archiveVersion = 1;
	classes = {
	};
	objectVersion = 48;
	objects = {

/* Begin PBXBuildFile section */
		60901126D92EBF5752846C0B /* libPods-Appoint.a in Frameworks */ = {isa = PBXBuildFile; fileRef = D748D0D5855E88F28EF66EE8 /* libPods-Appoint.a */; };
		67A190AE1FC7B1E0008AB904 /* MRAppointControl.m in Sources */ = {isa = PBXBuildFile; fileRef = 67A190AD1FC7B1E0008AB904 /* MRAppointControl.m */; };
		67A190B01FC7B232008AB904 /* MRAppointControl.xib in Resources */ = {isa = PBXBuildFile; fileRef = 67A190AF1FC7B232008AB904 /* MRAppointControl.xib */; };
		67DFE91D1FC675AF00362F7C /* AppDelegate.m in Sources */ = {isa = PBXBuildFile; fileRef = 67DFE91C1FC675AF00362F7C /* AppDelegate.m */; };
		67DFE9201FC675AF00362F7C /* ViewController.m in Sources */ = {isa = PBXBuildFile; fileRef = 67DFE91F1FC675AF00362F7C /* ViewController.m */; };
		67DFE9231FC675AF00362F7C /* Main.storyboard in Resources */ = {isa = PBXBuildFile; fileRef = 67DFE9211FC675AF00362F7C /* Main.storyboard */; };
		67DFE9251FC675AF00362F7C /* Assets.xcassets in Resources */ = {isa = PBXBuildFile; fileRef = 67DFE9241FC675AF00362F7C /* Assets.xcassets */; };
		67DFE9281FC675AF00362F7C /* LaunchScreen.storyboard in Resources */ = {isa = PBXBuildFile; fileRef = 67DFE9261FC675AF00362F7C /* LaunchScreen.storyboard */; };
		67DFE92B1FC675AF00362F7C /* main.m in Sources */ = {isa = PBXBuildFile; fileRef = 67DFE92A1FC675AF00362F7C /* main.m */; };
/* End PBXBuildFile section */

/* Begin PBXFileReference section */
		1D442C0E91A4D68A0C20CD92 /* Pods-Appoint.debug.xcconfig */ = {isa = PBXFileReference; includeInIndex = 1; lastKnownFileType = text.xcconfig; name = "Pods-Appoint.debug.xcconfig"; path = "Pods/Target Support Files/Pods-Appoint/Pods-Appoint.debug.xcconfig"; sourceTree = "<group>"; };
		67A190AC1FC7B1E0008AB904 /* MRAppointControl.h */ = {isa = PBXFileReference; lastKnownFileType = sourcecode.c.h; path = MRAppointControl.h; sourceTree = "<group>"; };
		67A190AD1FC7B1E0008AB904 /* MRAppointControl.m */ = {isa = PBXFileReference; lastKnownFileType = sourcecode.c.objc; path = MRAppointControl.m; sourceTree = "<group>"; };
		67A190AF1FC7B232008AB904 /* MRAppointControl.xib */ = {isa = PBXFileReference; lastKnownFileType = file.xib; path = MRAppointControl.xib; sourceTree = "<group>"; };
		67DFE9181FC675AF00362F7C /* Appoint.app */ = {isa = PBXFileReference; explicitFileType = wrapper.application; includeInIndex = 0; path = Appoint.app; sourceTree = BUILT_PRODUCTS_DIR; };
		67DFE91B1FC675AF00362F7C /* AppDelegate.h */ = {isa = PBXFileReference; lastKnownFileType = sourcecode.c.h; path = AppDelegate.h; sourceTree = "<group>"; };
		67DFE91C1FC675AF00362F7C /* AppDelegate.m */ = {isa = PBXFileReference; lastKnownFileType = sourcecode.c.objc; path = AppDelegate.m; sourceTree = "<group>"; };
		67DFE91E1FC675AF00362F7C /* ViewController.h */ = {isa = PBXFileReference; lastKnownFileType = sourcecode.c.h; path = ViewController.h; sourceTree = "<group>"; };
		67DFE91F1FC675AF00362F7C /* ViewController.m */ = {isa = PBXFileReference; lastKnownFileType = sourcecode.c.objc; path = ViewController.m; sourceTree = "<group>"; };
		67DFE9221FC675AF00362F7C /* Base */ = {isa = PBXFileReference; lastKnownFileType = file.storyboard; name = Base; path = Base.lproj/Main.storyboard; sourceTree = "<group>"; };
		67DFE9241FC675AF00362F7C /* Assets.xcassets */ = {isa = PBXFileReference; lastKnownFileType = folder.assetcatalog; path = Assets.xcassets; sourceTree = "<group>"; };
		67DFE9271FC675AF00362F7C /* Base */ = {isa = PBXFileReference; lastKnownFileType = file.storyboard; name = Base; path = Base.lproj/LaunchScreen.storyboard; sourceTree = "<group>"; };
		67DFE9291FC675AF00362F7C /* Info.plist */ = {isa = PBXFileReference; lastKnownFileType = text.plist.xml; path = Info.plist; sourceTree = "<group>"; };
		67DFE92A1FC675AF00362F7C /* main.m */ = {isa = PBXFileReference; lastKnownFileType = sourcecode.c.objc; path = main.m; sourceTree = "<group>"; };
		D748D0D5855E88F28EF66EE8 /* libPods-Appoint.a */ = {isa = PBXFileReference; explicitFileType = archive.ar; includeInIndex = 0; path = "libPods-Appoint.a"; sourceTree = BUILT_PRODUCTS_DIR; };
		E6BFE9471A9EFC345A0CBEA2 /* Pods-Appoint.release.xcconfig */ = {isa = PBXFileReference; includeInIndex = 1; lastKnownFileType = text.xcconfig; name = "Pods-Appoint.release.xcconfig"; path = "Pods/Target Support Files/Pods-Appoint/Pods-Appoint.release.xcconfig"; sourceTree = "<group>"; };
/* End PBXFileReference section */

/* Begin PBXFrameworksBuildPhase section */
		67DFE9151FC675AF00362F7C /* Frameworks */ = {
			isa = PBXFrameworksBuildPhase;
			buildActionMask = 2147483647;
			files = (
				60901126D92EBF5752846C0B /* libPods-Appoint.a in Frameworks */,
			);
			runOnlyForDeploymentPostprocessing = 0;
		};
/* End PBXFrameworksBuildPhase section */

/* Begin PBXGroup section */
		67A190AA1FC7B137008AB904 /* Classes */ = {
			isa = PBXGroup;
			children = (
				67A190AB1FC7B137008AB904 /* MRAppointControl */,
			);
			path = Classes;
			sourceTree = "<group>";
		};
		67A190AB1FC7B137008AB904 /* MRAppointControl */ = {
			isa = PBXGroup;
			children = (
				67A190AC1FC7B1E0008AB904 /* MRAppointControl.h */,
				67A190AD1FC7B1E0008AB904 /* MRAppointControl.m */,
				67A190AF1FC7B232008AB904 /* MRAppointControl.xib */,
			);
			path = MRAppointControl;
			sourceTree = "<group>";
		};
		67DFE90F1FC675AF00362F7C = {
			isa = PBXGroup;
			children = (
				67A190AA1FC7B137008AB904 /* Classes */,
				67DFE91A1FC675AF00362F7C /* Appoint */,
				67DFE9191FC675AF00362F7C /* Products */,
				B6A25A13D4E9A7627255FA6B /* Pods */,
				FD83B901DB8FC49688F41A66 /* Frameworks */,
			);
			sourceTree = "<group>";
		};
		67DFE9191FC675AF00362F7C /* Products */ = {
			isa = PBXGroup;
			children = (
				67DFE9181FC675AF00362F7C /* Appoint.app */,
			);
			name = Products;
			sourceTree = "<group>";
		};
		67DFE91A1FC675AF00362F7C /* Appoint */ = {
			isa = PBXGroup;
			children = (
				67DFE91B1FC675AF00362F7C /* AppDelegate.h */,
				67DFE91C1FC675AF00362F7C /* AppDelegate.m */,
				67DFE91E1FC675AF00362F7C /* ViewController.h */,
				67DFE91F1FC675AF00362F7C /* ViewController.m */,
				67DFE9211FC675AF00362F7C /* Main.storyboard */,
				67DFE9241FC675AF00362F7C /* Assets.xcassets */,
				67DFE9261FC675AF00362F7C /* LaunchScreen.storyboard */,
				67DFE9291FC675AF00362F7C /* Info.plist */,
				67DFE92A1FC675AF00362F7C /* main.m */,
			);
			path = Appoint;
			sourceTree = "<group>";
		};
		B6A25A13D4E9A7627255FA6B /* Pods */ = {
			isa = PBXGroup;
			children = (
				1D442C0E91A4D68A0C20CD92 /* Pods-Appoint.debug.xcconfig */,
				E6BFE9471A9EFC345A0CBEA2 /* Pods-Appoint.release.xcconfig */,
			);
			name = Pods;
			sourceTree = "<group>";
		};
		FD83B901DB8FC49688F41A66 /* Frameworks */ = {
			isa = PBXGroup;
			children = (
				D748D0D5855E88F28EF66EE8 /* libPods-Appoint.a */,
			);
			name = Frameworks;
			sourceTree = "<group>";
		};
/* End PBXGroup section */

/* Begin PBXNativeTarget section */
		67DFE9171FC675AF00362F7C /* Appoint */ = {
			isa = PBXNativeTarget;
			buildConfigurationList = 67DFE92E1FC675AF00362F7C /* Build configuration list for PBXNativeTarget "Appoint" */;
			buildPhases = (
				301B39D03B626CCDE1D62C38 /* [CP] Check Pods Manifest.lock */,
				67DFE9141FC675AF00362F7C /* Sources */,
				67DFE9151FC675AF00362F7C /* Frameworks */,
				67DFE9161FC675AF00362F7C /* Resources */,
				E39E7058FBD24A3D9B889676 /* [CP] Embed Pods Frameworks */,
				C7C683F3C9CAB68536EBFAAC /* [CP] Copy Pods Resources */,
			);
			buildRules = (
			);
			dependencies = (
			);
			name = Appoint;
			productName = Appoint;
			productReference = 67DFE9181FC675AF00362F7C /* Appoint.app */;
			productType = "com.apple.product-type.application";
		};
/* End PBXNativeTarget section */

/* Begin PBXProject section */
		67DFE9101FC675AF00362F7C /* Project object */ = {
			isa = PBXProject;
			attributes = {
				LastUpgradeCheck = 0910;
				ORGANIZATIONNAME = "MRXIR Inc";
				TargetAttributes = {
					67DFE9171FC675AF00362F7C = {
						CreatedOnToolsVersion = 9.1;
						ProvisioningStyle = Automatic;
					};
				};
			};
			buildConfigurationList = 67DFE9131FC675AF00362F7C /* Build configuration list for PBXProject "Appoint" */;
			compatibilityVersion = "Xcode 8.0";
			developmentRegion = en;
			hasScannedForEncodings = 0;
			knownRegions = (
				en,
				Base,
			);
			mainGroup = 67DFE90F1FC675AF00362F7C;
			productRefGroup = 67DFE9191FC675AF00362F7C /* Products */;
			projectDirPath = "";
			projectRoot = "";
			targets = (
				67DFE9171FC675AF00362F7C /* Appoint */,
			);
		};
/* End PBXProject section */

/* Begin PBXResourcesBuildPhase section */
		67DFE9161FC675AF00362F7C /* Resources */ = {
			isa = PBXResourcesBuildPhase;
			buildActionMask = 2147483647;
			files = (
				67A190B01FC7B232008AB904 /* MRAppointControl.xib in Resources */,
				67DFE9281FC675AF00362F7C /* LaunchScreen.storyboard in Resources */,
				67DFE9251FC675AF00362F7C /* Assets.xcassets in Resources */,
				67DFE9231FC675AF00362F7C /* Main.storyboard in Resources */,
			);
			runOnlyForDeploymentPostprocessing = 0;
		};
/* End PBXResourcesBuildPhase section */

/* Begin PBXShellScriptBuildPhase section */
		301B39D03B626CCDE1D62C38 /* [CP] Check Pods Manifest.lock */ = {
			isa = PBXShellScriptBuildPhase;
			buildActionMask = 2147483647;
			files = (
			);
			inputPaths = (
			);
			name = "[CP] Check Pods Manifest.lock";
			outputPaths = (
			);
			runOnlyForDeploymentPostprocessing = 0;
			shellPath = /bin/sh;
			shellScript = "diff \"${PODS_PODFILE_DIR_PATH}/Podfile.lock\" \"${PODS_ROOT}/Manifest.lock\" > /dev/null\nif [ $? != 0 ] ; then\n    # print error to STDERR\n    echo \"error: The sandbox is not in sync with the Podfile.lock. Run 'pod install' or update your CocoaPods installation.\" >&2\n    exit 1\nfi\n";
			showEnvVarsInLog = 0;
		};
		C7C683F3C9CAB68536EBFAAC /* [CP] Copy Pods Resources */ = {
			isa = PBXShellScriptBuildPhase;
			buildActionMask = 2147483647;
			files = (
			);
			inputPaths = (
			);
			name = "[CP] Copy Pods Resources";
			outputPaths = (
			);
			runOnlyForDeploymentPostprocessing = 0;
			shellPath = /bin/sh;
			shellScript = "\"${SRCROOT}/Pods/Target Support Files/Pods-Appoint/Pods-Appoint-resources.sh\"\n";
			showEnvVarsInLog = 0;
		};
		E39E7058FBD24A3D9B889676 /* [CP] Embed Pods Frameworks */ = {
			isa = PBXShellScriptBuildPhase;
			buildActionMask = 2147483647;
			files = (
			);
			inputPaths = (
			);
			name = "[CP] Embed Pods Frameworks";
			outputPaths = (
			);
			runOnlyForDeploymentPostprocessing = 0;
			shellPath = /bin/sh;
			shellScript = "\"${SRCROOT}/Pods/Target Support Files/Pods-Appoint/Pods-Appoint-frameworks.sh\"\n";
			showEnvVarsInLog = 0;
		};
/* End PBXShellScriptBuildPhase section */

/* Begin PBXSourcesBuildPhase section */
		67DFE9141FC675AF00362F7C /* Sources */ = {
			isa = PBXSourcesBuildPhase;
			buildActionMask = 2147483647;
			files = (
				67A190AE1FC7B1E0008AB904 /* MRAppointControl.m in Sources */,
				67DFE9201FC675AF00362F7C /* ViewController.m in Sources */,
				67DFE92B1FC675AF00362F7C /* main.m in Sources */,
				67DFE91D1FC675AF00362F7C /* AppDelegate.m in Sources */,
			);
			runOnlyForDeploymentPostprocessing = 0;
		};
/* End PBXSourcesBuildPhase section */

/* Begin PBXVariantGroup section */
		67DFE9211FC675AF00362F7C /* Main.storyboard */ = {
			isa = PBXVariantGroup;
			children = (
				67DFE9221FC675AF00362F7C /* Base */,
			);
			name = Main.storyboard;
			sourceTree = "<group>";
		};
		67DFE9261FC675AF00362F7C /* LaunchScreen.storyboard */ = {
			isa = PBXVariantGroup;
			children = (
				67DFE9271FC675AF00362F7C /* Base */,
			);
			name = LaunchScreen.storyboard;
			sourceTree = "<group>";
		};
/* End PBXVariantGroup section */

/* Begin XCBuildConfiguration section */
		67DFE92C1FC675AF00362F7C /* Debug */ = {
			isa = XCBuildConfiguration;
			buildSettings = {
				ALWAYS_SEARCH_USER_PATHS = NO;
				CLANG_ANALYZER_NONNULL = YES;
				CLANG_ANALYZER_NUMBER_OBJECT_CONVERSION = YES_AGGRESSIVE;
				CLANG_CXX_LANGUAGE_STANDARD = "gnu++14";
				CLANG_CXX_LIBRARY = "libc++";
				CLANG_ENABLE_MODULES = YES;
				CLANG_ENABLE_OBJC_ARC = YES;
				CLANG_WARN_BLOCK_CAPTURE_AUTORELEASING = YES;
				CLANG_WARN_BOOL_CONVERSION = YES;
				CLANG_WARN_COMMA = YES;
				CLANG_WARN_CONSTANT_CONVERSION = YES;
				CLANG_WARN_DIRECT_OBJC_ISA_USAGE = YES_ERROR;
				CLANG_WARN_DOCUMENTATION_COMMENTS = YES;
				CLANG_WARN_EMPTY_BODY = YES;
				CLANG_WARN_ENUM_CONVERSION = YES;
				CLANG_WARN_INFINITE_RECURSION = YES;
				CLANG_WARN_INT_CONVERSION = YES;
				CLANG_WARN_NON_LITERAL_NULL_CONVERSION = YES;
				CLANG_WARN_OBJC_LITERAL_CONVERSION = YES;
				CLANG_WARN_OBJC_ROOT_CLASS = YES_ERROR;
				CLANG_WARN_RANGE_LOOP_ANALYSIS = YES;
				CLANG_WARN_STRICT_PROTOTYPES = YES;
				CLANG_WARN_SUSPICIOUS_MOVE = YES;
				CLANG_WARN_UNGUARDED_AVAILABILITY = YES_AGGRESSIVE;
				CLANG_WARN_UNREACHABLE_CODE = YES;
				CLANG_WARN__DUPLICATE_METHOD_MATCH = YES;
				CODE_SIGN_IDENTITY = "iPhone Developer";
				COPY_PHASE_STRIP = NO;
				DEBUG_INFORMATION_FORMAT = dwarf;
				ENABLE_STRICT_OBJC_MSGSEND = YES;
				ENABLE_TESTABILITY = YES;
				GCC_C_LANGUAGE_STANDARD = gnu11;
				GCC_DYNAMIC_NO_PIC = NO;
				GCC_NO_COMMON_BLOCKS = YES;
				GCC_OPTIMIZATION_LEVEL = 0;
				GCC_PREPROCESSOR_DEFINITIONS = (
					"DEBUG=1",
					"$(inherited)",
				);
				GCC_WARN_64_TO_32_BIT_CONVERSION = YES;
				GCC_WARN_ABOUT_RETURN_TYPE = YES_ERROR;
				GCC_WARN_UNDECLARED_SELECTOR = YES;
				GCC_WARN_UNINITIALIZED_AUTOS = YES_AGGRESSIVE;
				GCC_WARN_UNUSED_FUNCTION = YES;
				GCC_WARN_UNUSED_VARIABLE = YES;
				IPHONEOS_DEPLOYMENT_TARGET = 8.0;
				MTL_ENABLE_DEBUG_INFO = YES;
				ONLY_ACTIVE_ARCH = YES;
				SDKROOT = iphoneos;
			};
			name = Debug;
		};
		67DFE92D1FC675AF00362F7C /* Release */ = {
			isa = XCBuildConfiguration;
			buildSettings = {
				ALWAYS_SEARCH_USER_PATHS = NO;
				CLANG_ANALYZER_NONNULL = YES;
				CLANG_ANALYZER_NUMBER_OBJECT_CONVERSION = YES_AGGRESSIVE;
				CLANG_CXX_LANGUAGE_STANDARD = "gnu++14";
				CLANG_CXX_LIBRARY = "libc++";
				CLANG_ENABLE_MODULES = YES;
				CLANG_ENABLE_OBJC_ARC = YES;
				CLANG_WARN_BLOCK_CAPTURE_AUTORELEASING = YES;
				CLANG_WARN_BOOL_CONVERSION = YES;
				CLANG_WARN_COMMA = YES;
				CLANG_WARN_CONSTANT_CONVERSION = YES;
				CLANG_WARN_DIRECT_OBJC_ISA_USAGE = YES_ERROR;
				CLANG_WARN_DOCUMENTATION_COMMENTS = YES;
				CLANG_WARN_EMPTY_BODY = YES;
				CLANG_WARN_ENUM_CONVERSION = YES;
				CLANG_WARN_INFINITE_RECURSION = YES;
				CLANG_WARN_INT_CONVERSION = YES;
				CLANG_WARN_NON_LITERAL_NULL_CONVERSION = YES;
				CLANG_WARN_OBJC_LITERAL_CONVERSION = YES;
				CLANG_WARN_OBJC_ROOT_CLASS = YES_ERROR;
				CLANG_WARN_RANGE_LOOP_ANALYSIS = YES;
				CLANG_WARN_STRICT_PROTOTYPES = YES;
				CLANG_WARN_SUSPICIOUS_MOVE = YES;
				CLANG_WARN_UNGUARDED_AVAILABILITY = YES_AGGRESSIVE;
				CLANG_WARN_UNREACHABLE_CODE = YES;
				CLANG_WARN__DUPLICATE_METHOD_MATCH = YES;
				CODE_SIGN_IDENTITY = "iPhone Developer";
				COPY_PHASE_STRIP = NO;
				DEBUG_INFORMATION_FORMAT = "dwarf-with-dsym";
				ENABLE_NS_ASSERTIONS = NO;
				ENABLE_STRICT_OBJC_MSGSEND = YES;
				GCC_C_LANGUAGE_STANDARD = gnu11;
				GCC_NO_COMMON_BLOCKS = YES;
				GCC_WARN_64_TO_32_BIT_CONVERSION = YES;
				GCC_WARN_ABOUT_RETURN_TYPE = YES_ERROR;
				GCC_WARN_UNDECLARED_SELECTOR = YES;
				GCC_WARN_UNINITIALIZED_AUTOS = YES_AGGRESSIVE;
				GCC_WARN_UNUSED_FUNCTION = YES;
				GCC_WARN_UNUSED_VARIABLE = YES;
				IPHONEOS_DEPLOYMENT_TARGET = 8.0;
				MTL_ENABLE_DEBUG_INFO = NO;
				SDKROOT = iphoneos;
				VALIDATE_PRODUCT = YES;
			};
			name = Release;
		};
		67DFE92F1FC675AF00362F7C /* Debug */ = {
			isa = XCBuildConfiguration;
			baseConfigurationReference = 1D442C0E91A4D68A0C20CD92 /* Pods-Appoint.debug.xcconfig */;
			buildSettings = {
				ASSETCATALOG_COMPILER_APPICON_NAME = AppIcon;
				CODE_SIGN_STYLE = Automatic;
				DEVELOPMENT_TEAM = 4HXKSPK349;
				INFOPLIST_FILE = Appoint/Info.plist;
				IPHONEOS_DEPLOYMENT_TARGET = 8.0;
				LD_RUNPATH_SEARCH_PATHS = "$(inherited) @executable_path/Frameworks";
				PRODUCT_BUNDLE_IDENTIFIER = com.mrxir.Appoint;
				PRODUCT_NAME = "$(TARGET_NAME)";
				TARGETED_DEVICE_FAMILY = "1,2";
			};
			name = Debug;
		};
		67DFE9301FC675AF00362F7C /* Release */ = {
			isa = XCBuildConfiguration;
			baseConfigurationReference = E6BFE9471A9EFC345A0CBEA2 /* Pods-Appoint.release.xcconfig */;
			buildSettings = {
				ASSETCATALOG_COMPILER_APPICON_NAME = AppIcon;
				CODE_SIGN_STYLE = Automatic;
				DEVELOPMENT_TEAM = 4HXKSPK349;
				INFOPLIST_FILE = Appoint/Info.plist;
				IPHONEOS_DEPLOYMENT_TARGET = 8.0;
				LD_RUNPATH_SEARCH_PATHS = "$(inherited) @executable_path/Frameworks";
				PRODUCT_BUNDLE_IDENTIFIER = com.mrxir.Appoint;
				PRODUCT_NAME = "$(TARGET_NAME)";
				TARGETED_DEVICE_FAMILY = "1,2";
			};
			name = Release;
		};
/* End XCBuildConfiguration section */

/* Begin XCConfigurationList section */
		67DFE9131FC675AF00362F7C /* Build configuration list for PBXProject "Appoint" */ = {
			isa = XCConfigurationList;
			buildConfigurations = (
				67DFE92C1FC675AF00362F7C /* Debug */,
				67DFE92D1FC675AF00362F7C /* Release */,
			);
			defaultConfigurationIsVisible = 0;
			defaultConfigurationName = Release;
		};
		67DFE92E1FC675AF00362F7C /* Build configuration list for PBXNativeTarget "Appoint" */ = {
			isa = XCConfigurationList;
			buildConfigurations = (
				67DFE92F1FC675AF00362F7C /* Debug */,
				67DFE9301FC675AF00362F7C /* Release */,
			);
			defaultConfigurationIsVisible = 0;
			defaultConfigurationName = Release;
		};
/* End XCConfigurationList section */
	};
	rootObject = 67DFE9101FC675AF00362F7C /* Project object */;
}
